
Microsoft Visual Studio Solution File, Format Version 12.00
# Visual Studio 15
VisualStudioVersion = 15.0.26510.0
MinimumVisualStudioVersion = 10.0.40219.1
Project("{8BC9CEB8-8B4A-11D0-8D11-00A0C91BC942}") = "Engine", "Engine\Engine.vcxproj", "{448F1951-E924-47A5-ADA7-FBA3F16D4DD1}"
EndProject
Project("{8BC9CEB8-8B4A-11D0-8D11-00A0C91BC942}") = "EngineRunner", "EngineRunner\EngineRunner.vcxproj", "{1E946921-5FE7-4C4F-8495-ABDF0E6868CA}"
	ProjectSection(ProjectDependencies) = postProject
		{448F1951-E924-47A5-ADA7-FBA3F16D4DD1} = {448F1951-E924-47A5-ADA7-FBA3F16D4DD1}
	EndProjectSection
EndProject
Project("{8BC9CEB8-8B4A-11D0-8D11-00A0C91BC942}") = "Engine.Renderer.D3D11", "Engine.Renderer.D3D11\Engine.Renderer.D3D11.vcxproj", "{AC59B88F-B727-4434-A65E-890C0E0129FE}"
EndProject
Global
	GlobalSection(SolutionConfigurationPlatforms) = preSolution
		Debug|x64 = Debug|x64
		Debug|x86 = Debug|x86
		Release|x64 = Release|x64
		Release|x86 = Release|x86
	EndGlobalSection
	GlobalSection(ProjectConfigurationPlatforms) = postSolution
		{448F1951-E924-47A5-ADA7-FBA3F16D4DD1}.Debug|x64.ActiveCfg = Debug|x64
		{448F1951-E924-47A5-ADA7-FBA3F16D4DD1}.Debug|x64.Build.0 = Debug|x64
		{448F1951-E924-47A5-ADA7-FBA3F16D4DD1}.Debug|x86.ActiveCfg = Debug|Win32
		{448F1951-E924-47A5-ADA7-FBA3F16D4DD1}.Debug|x86.Build.0 = Debug|Win32
		{448F1951-E924-47A5-ADA7-FBA3F16D4DD1}.Release|x64.ActiveCfg = Release|x64
		{448F1951-E924-47A5-ADA7-FBA3F16D4DD1}.Release|x64.Build.0 = Release|x64
		{448F1951-E924-47A5-ADA7-FBA3F16D4DD1}.Release|x86.ActiveCfg = Release|Win32
		{448F1951-E924-47A5-ADA7-FBA3F16D4DD1}.Release|x86.Build.0 = Release|Win32
		{1E946921-5FE7-4C4F-8495-ABDF0E6868CA}.Debug|x64.ActiveCfg = Debug|x64
		{1E946921-5FE7-4C4F-8495-ABDF0E6868CA}.Debug|x64.Build.0 = Debug|x64
		{1E946921-5FE7-4C4F-8495-ABDF0E6868CA}.Debug|x86.ActiveCfg = Debug|Win32
		{1E946921-5FE7-4C4F-8495-ABDF0E6868CA}.Debug|x86.Build.0 = Debug|Win32
		{1E946921-5FE7-4C4F-8495-ABDF0E6868CA}.Release|x64.ActiveCfg = Release|x64
		{1E946921-5FE7-4C4F-8495-ABDF0E6868CA}.Release|x64.Build.0 = Release|x64
		{1E946921-5FE7-4C4F-8495-ABDF0E6868CA}.Release|x86.ActiveCfg = Release|Win32
		{1E946921-5FE7-4C4F-8495-ABDF0E6868CA}.Release|x86.Build.0 = Release|Win32
		{AC59B88F-B727-4434-A65E-890C0E0129FE}.Debug|x64.ActiveCfg = Debug|x64
		{AC59B88F-B727-4434-A65E-890C0E0129FE}.Debug|x64.Build.0 = Debug|x64
		{AC59B88F-B727-4434-A65E-890C0E0129FE}.Debug|x86.ActiveCfg = Debug|Win32
		{AC59B88F-B727-4434-A65E-890C0E0129FE}.Debug|x86.Build.0 = Debug|Win32
		{AC59B88F-B727-4434-A65E-890C0E0129FE}.Release|x64.ActiveCfg = Release|x64
		{AC59B88F-B727-4434-A65E-890C0E0129FE}.Release|x64.Build.0 = Release|x64
		{AC59B88F-B727-4434-A65E-890C0E0129FE}.Release|x86.ActiveCfg = Release|Win32
		{AC59B88F-B727-4434-A65E-890C0E0129FE}.Release|x86.Build.0 = Release|Win32
	EndGlobalSection
	GlobalSection(SolutionProperties) = preSolution
		HideSolutionNode = FALSE
	EndGlobalSection
EndGlobal
