<?xml version="1.0" encoding="utf-8"?>
<Project ToolsVersion="4.0" xmlns="http://schemas.microsoft.com/developer/msbuild/2003">
  <ItemGroup>
    <Filter Include="Rendering">
      <UniqueIdentifier>{a2d180f9-ea4d-4987-90fe-e08e1a00fb21}</UniqueIdentifier>
    </Filter>
    <Filter Include="Utils">
      <UniqueIdentifier>{636403e0-49cc-4138-b1d4-59c5e13c13cc}</UniqueIdentifier>
    </Filter>
    <Filter Include="Data">
      <UniqueIdentifier>{a1afb311-e4d4-4a97-adb4-2250a58831e5}</UniqueIdentifier>
    </Filter>
    <Filter Include="Core">
      <UniqueIdentifier>{9843c6bb-b882-4a7c-81ba-0f6f108aed1c}</UniqueIdentifier>
    </Filter>
    <Filter Include="Input">
      <UniqueIdentifier>{febefee5-14ce-4d2d-b403-06c6129de793}</UniqueIdentifier>
    </Filter>
    <Filter Include="Utils\CPU">
      <UniqueIdentifier>{6cdbb68a-928c-49e9-8be4-d07f9ada2a78}</UniqueIdentifier>
    </Filter>
    <Filter Include="External">
      <UniqueIdentifier>{b5149812-cd3b-4b77-81ef-b549ae8cd2b5}</UniqueIdentifier>
    </Filter>
    <Filter Include="External\FreeImage">
      <UniqueIdentifier>{28e3806d-6c2a-4026-9de8-f7e62111e343}</UniqueIdentifier>
    </Filter>
    <Filter Include="External\CPPFormat">
      <UniqueIdentifier>{8f93c2dc-5554-49dc-a486-f3b51e376752}</UniqueIdentifier>
    </Filter>
    <Filter Include="External\Lua">
      <UniqueIdentifier>{40027058-6a34-4977-821f-b9223a78e921}</UniqueIdentifier>
    </Filter>
  </ItemGroup>
  <ItemGroup>
    <ClInclude Include="Core\Common.h">
      <Filter>Core</Filter>
    </ClInclude>
    <ClInclude Include="Core\Time.h">
      <Filter>Core</Filter>
    </ClInclude>
    <ClInclude Include="Data\Colour.h">
      <Filter>Data</Filter>
    </ClInclude>
    <ClInclude Include="Data\String.h">
      <Filter>Data</Filter>
    </ClInclude>
    <ClInclude Include="Data\Vector2.h">
      <Filter>Data</Filter>
    </ClInclude>
    <ClInclude Include="Data\Vector3.h">
      <Filter>Data</Filter>
    </ClInclude>
    <ClInclude Include="Data\Vector4.h">
      <Filter>Data</Filter>
    </ClInclude>
    <ClInclude Include="Input\Event.h">
      <Filter>Input</Filter>
    </ClInclude>
    <ClInclude Include="Input\Input.h">
      <Filter>Input</Filter>
    </ClInclude>
    <ClInclude Include="Utils\Console.h">
      <Filter>Utils</Filter>
    </ClInclude>
    <ClInclude Include="Utils\Helpers.h">
      <Filter>Utils</Filter>
    </ClInclude>
    <ClInclude Include="Utils\Math.h">
      <Filter>Utils</Filter>
    </ClInclude>
    <ClInclude Include="Utils\StringUtils.h">
      <Filter>Utils</Filter>
    </ClInclude>
    <ClInclude Include="Utils\SystemInfo.h">
      <Filter>Utils</Filter>
    </ClInclude>
    <ClInclude Include="Utils\Win32Utils.h">
      <Filter>Utils</Filter>
    </ClInclude>
    <ClInclude Include="Utils\CPU\Processor.h">
      <Filter>Utils\CPU</Filter>
    </ClInclude>
    <ClInclude Include="Core\Core.h">
      <Filter>Core</Filter>
    </ClInclude>
    <ClInclude Include="External\include\CPPFormat\format.h">
      <Filter>External\CPPFormat</Filter>
    </ClInclude>
    <ClInclude Include="External\include\FreeImage\FreeImage.h">
      <Filter>External\FreeImage</Filter>
    </ClInclude>
    <ClInclude Include="External\include\Lua\lauxlib.h">
      <Filter>External\Lua</Filter>
    </ClInclude>
    <ClInclude Include="External\include\Lua\lua.h">
      <Filter>External\Lua</Filter>
    </ClInclude>
    <ClInclude Include="External\include\Lua\lua.hpp">
      <Filter>External\Lua</Filter>
    </ClInclude>
    <ClInclude Include="External\include\Lua\luaconf.h">
      <Filter>External\Lua</Filter>
    </ClInclude>
    <ClInclude Include="External\include\Lua\lualib.h">
      <Filter>External\Lua</Filter>
    </ClInclude>
    <ClInclude Include="Core\Lua.h">
      <Filter>Core</Filter>
    </ClInclude>
    <ClInclude Include="External\include\Lua\sol.hpp">
      <Filter>External\Lua</Filter>
    </ClInclude>
    <ClInclude Include="Utils\Logger.h">
      <Filter>Utils</Filter>
    </ClInclude>
  </ItemGroup>
  <ItemGroup>
    <ClCompile Include="Core\Time.cpp">
      <Filter>Core</Filter>
    </ClCompile>
    <ClCompile Include="Data\Colour.cpp">
      <Filter>Data</Filter>
    </ClCompile>
    <ClCompile Include="Data\String.cpp">
      <Filter>Data</Filter>
    </ClCompile>
    <ClCompile Include="Data\Vector2.cpp">
      <Filter>Data</Filter>
    </ClCompile>
    <ClCompile Include="Data\Vector3.cpp">
      <Filter>Data</Filter>
    </ClCompile>
    <ClCompile Include="Data\Vector4.cpp">
      <Filter>Data</Filter>
    </ClCompile>
    <ClCompile Include="Input\Event.cpp">
      <Filter>Input</Filter>
    </ClCompile>
    <ClCompile Include="Input\Input.cpp">
      <Filter>Input</Filter>
    </ClCompile>
    <ClCompile Include="Utils\Console.cpp">
      <Filter>Utils</Filter>
    </ClCompile>
    <ClCompile Include="Utils\SystemInfo.cpp">
      <Filter>Utils</Filter>
    </ClCompile>
    <ClCompile Include="Utils\Win32Utils.cpp">
      <Filter>Utils</Filter>
    </ClCompile>
    <ClCompile Include="Utils\CPU\Processor.cpp">
      <Filter>Utils\CPU</Filter>
    </ClCompile>
    <ClCompile Include="Core\Core.cpp">
      <Filter>Core</Filter>
    </ClCompile>
    <ClCompile Include="External\include\CPPFormat\format.cc">
      <Filter>External\CPPFormat</Filter>
    </ClCompile>
    <ClCompile Include="Core\Lua.cpp">
      <Filter>Core</Filter>
    </ClCompile>
    <ClCompile Include="Utils\Logger.cpp">
      <Filter>Utils</Filter>
    </ClCompile>
  </ItemGroup>
  <ItemGroup>
    <None Include="Utils\CPU\cpuid_x64.asm">
      <Filter>Utils\CPU</Filter>
    </None>
  </ItemGroup>
</Project>